// !$*UTF8*$!
{
	archiveVersion = 1;
	classes = {
	};
	objectVersion = 46;
	objects = {

/* Begin PBXBuildFile section */
		48665C5E19D515E400CCB1CC /* FMDatabase+InMemoryOnDiskIO.m in Sources */ = {isa = PBXBuildFile; fileRef = 48665BEE19D515E400CCB1CC /* FMDatabase+InMemoryOnDiskIO.m */; };
		48665C5F19D515E400CCB1CC /* FMDatabase.m in Sources */ = {isa = PBXBuildFile; fileRef = 48665BF019D515E400CCB1CC /* FMDatabase.m */; };
		48665C6019D515E400CCB1CC /* FMDatabaseAdditions.m in Sources */ = {isa = PBXBuildFile; fileRef = 48665BF219D515E400CCB1CC /* FMDatabaseAdditions.m */; };
		48665C6119D515E400CCB1CC /* FMDatabasePool.m in Sources */ = {isa = PBXBuildFile; fileRef = 48665BF419D515E400CCB1CC /* FMDatabasePool.m */; };
		48665C6219D515E400CCB1CC /* FMDatabaseQueue.m in Sources */ = {isa = PBXBuildFile; fileRef = 48665BF619D515E400CCB1CC /* FMDatabaseQueue.m */; };
		48665C6319D515E400CCB1CC /* FMResultSet.m in Sources */ = {isa = PBXBuildFile; fileRef = 48665BF919D515E400CCB1CC /* FMResultSet.m */; };
		48665C6419D515E400CCB1CC /* CXMLDocument_CreationExtensions.m in Sources */ = {isa = PBXBuildFile; fileRef = 48665BFD19D515E400CCB1CC /* CXMLDocument_CreationExtensions.m */; settings = {COMPILER_FLAGS = "-fno-objc-arc"; }; };
		48665C6519D515E400CCB1CC /* CXMLNode_CreationExtensions.m in Sources */ = {isa = PBXBuildFile; fileRef = 48665BFF19D515E400CCB1CC /* CXMLNode_CreationExtensions.m */; settings = {COMPILER_FLAGS = "-fno-objc-arc"; }; };
		48665C6619D515E400CCB1CC /* CXHTMLDocument.m in Sources */ = {isa = PBXBuildFile; fileRef = 48665C0119D515E400CCB1CC /* CXHTMLDocument.m */; settings = {COMPILER_FLAGS = "-fno-objc-arc"; }; };
		48665C6719D515E400CCB1CC /* CXMLDocument.m in Sources */ = {isa = PBXBuildFile; fileRef = 48665C0319D515E400CCB1CC /* CXMLDocument.m */; settings = {COMPILER_FLAGS = "-fno-objc-arc"; }; };
		48665C6819D515E400CCB1CC /* CXMLDocument_PrivateExtensions.m in Sources */ = {isa = PBXBuildFile; fileRef = 48665C0519D515E400CCB1CC /* CXMLDocument_PrivateExtensions.m */; settings = {COMPILER_FLAGS = "-fno-objc-arc"; }; };
		48665C6919D515E400CCB1CC /* CXMLElement.m in Sources */ = {isa = PBXBuildFile; fileRef = 48665C0719D515E400CCB1CC /* CXMLElement.m */; settings = {COMPILER_FLAGS = "-fno-objc-arc"; }; };
		48665C6A19D515E400CCB1CC /* CXMLElement_CreationExtensions.m in Sources */ = {isa = PBXBuildFile; fileRef = 48665C0919D515E400CCB1CC /* CXMLElement_CreationExtensions.m */; settings = {COMPILER_FLAGS = "-fno-objc-arc"; }; };
		48665C6B19D515E400CCB1CC /* CXMLElement_ElementTreeExtensions.m in Sources */ = {isa = PBXBuildFile; fileRef = 48665C0B19D515E400CCB1CC /* CXMLElement_ElementTreeExtensions.m */; settings = {COMPILER_FLAGS = "-fno-objc-arc"; }; };
		48665C6C19D515E400CCB1CC /* CXMLNamespaceNode.m in Sources */ = {isa = PBXBuildFile; fileRef = 48665C0D19D515E400CCB1CC /* CXMLNamespaceNode.m */; settings = {COMPILER_FLAGS = "-fno-objc-arc"; }; };
		48665C6D19D515E400CCB1CC /* CXMLNode.m in Sources */ = {isa = PBXBuildFile; fileRef = 48665C0F19D515E400CCB1CC /* CXMLNode.m */; settings = {COMPILER_FLAGS = "-fno-objc-arc"; }; };
		48665C6E19D515E400CCB1CC /* CXMLNode_PrivateExtensions.m in Sources */ = {isa = PBXBuildFile; fileRef = 48665C1119D515E400CCB1CC /* CXMLNode_PrivateExtensions.m */; settings = {COMPILER_FLAGS = "-fno-objc-arc"; }; };
		48665C6F19D515E400CCB1CC /* CXMLNode_XPathExtensions.m in Sources */ = {isa = PBXBuildFile; fileRef = 48665C1319D515E400CCB1CC /* CXMLNode_XPathExtensions.m */; settings = {COMPILER_FLAGS = "-fno-objc-arc"; }; };
		48665C7019D515E400CCB1CC /* CTidy.m in Sources */ = {isa = PBXBuildFile; fileRef = 48665C1619D515E400CCB1CC /* CTidy.m */; };
		48665C7119D515E400CCB1CC /* NSStringAdditions.m in Sources */ = {isa = PBXBuildFile; fileRef = 48665C1B19D515E400CCB1CC /* NSStringAdditions.m */; };
		48665C7219D515E400CCB1CC /* XML+NSData+Base64.m in Sources */ = {isa = PBXBuildFile; fileRef = 48665C1D19D515E400CCB1CC /* XML+NSData+Base64.m */; };
		48665C7319D515E400CCB1CC /* XMLRPCConnection.m in Sources */ = {isa = PBXBuildFile; fileRef = 48665C2419D515E400CCB1CC /* XMLRPCConnection.m */; };
		48665C7419D515E400CCB1CC /* XMLRPCConnectionManager.m in Sources */ = {isa = PBXBuildFile; fileRef = 48665C2619D515E400CCB1CC /* XMLRPCConnectionManager.m */; };
		48665C7519D515E400CCB1CC /* XMLRPCDefaultEncoder.m in Sources */ = {isa = PBXBuildFile; fileRef = 48665C2819D515E400CCB1CC /* XMLRPCDefaultEncoder.m */; };
		48665C7619D515E400CCB1CC /* XMLRPCEventBasedParser.m in Sources */ = {isa = PBXBuildFile; fileRef = 48665C2A19D515E400CCB1CC /* XMLRPCEventBasedParser.m */; };
		48665C7719D515E400CCB1CC /* XMLRPCEventBasedParserDelegate.m in Sources */ = {isa = PBXBuildFile; fileRef = 48665C2C19D515E400CCB1CC /* XMLRPCEventBasedParserDelegate.m */; };
		48665C7819D515E400CCB1CC /* XMLRPCRequest.m in Sources */ = {isa = PBXBuildFile; fileRef = 48665C2E19D515E400CCB1CC /* XMLRPCRequest.m */; };
		48665C7919D515E400CCB1CC /* XMLRPCResponse.m in Sources */ = {isa = PBXBuildFile; fileRef = 48665C3019D515E400CCB1CC /* XMLRPCResponse.m */; };
		48665C7A19D515E400CCB1CC /* NSString+LNTapatalkHelper.m in Sources */ = {isa = PBXBuildFile; fileRef = 48665C3419D515E400CCB1CC /* NSString+LNTapatalkHelper.m */; };
		48665C7B19D515E400CCB1CC /* LNAccountManager.m in Sources */ = {isa = PBXBuildFile; fileRef = 48665C3719D515E400CCB1CC /* LNAccountManager.m */; };
		48665C7C19D515E400CCB1CC /* PHLogTime.m in Sources */ = {isa = PBXBuildFile; fileRef = 48665C3919D515E400CCB1CC /* PHLogTime.m */; };
		48665C7D19D515E400CCB1CC /* LNTapatalkSDK.m in Sources */ = {isa = PBXBuildFile; fileRef = 48665C3B19D515E400CCB1CC /* LNTapatalkSDK.m */; };
		48665C7E19D515E400CCB1CC /* ModelForum.m in Sources */ = {isa = PBXBuildFile; fileRef = 48665C3E19D515E400CCB1CC /* ModelForum.m */; };
		48665C7F19D515E400CCB1CC /* ModelPost.m in Sources */ = {isa = PBXBuildFile; fileRef = 48665C4019D515E400CCB1CC /* ModelPost.m */; };
		48665C8019D515E400CCB1CC /* ModelPrefix.m in Sources */ = {isa = PBXBuildFile; fileRef = 48665C4219D515E400CCB1CC /* ModelPrefix.m */; };
		48665C8119D515E400CCB1CC /* ModelTopic.m in Sources */ = {isa = PBXBuildFile; fileRef = 48665C4419D515E400CCB1CC /* ModelTopic.m */; };
		48665C8219D515E400CCB1CC /* ModelUser.m in Sources */ = {isa = PBXBuildFile; fileRef = 48665C4619D515E400CCB1CC /* ModelUser.m */; };
		48665C8319D515E400CCB1CC /* LNBasePaging.m in Sources */ = {isa = PBXBuildFile; fileRef = 48665C4919D515E400CCB1CC /* LNBasePaging.m */; };
		48665C8419D515E400CCB1CC /* LNForumPaging.m in Sources */ = {isa = PBXBuildFile; fileRef = 48665C4B19D515E400CCB1CC /* LNForumPaging.m */; };
		48665C8519D515E400CCB1CC /* LNSearchPaging.m in Sources */ = {isa = PBXBuildFile; fileRef = 48665C4D19D515E400CCB1CC /* LNSearchPaging.m */; };
		48665C8619D515E400CCB1CC /* LNSubscribePaging.m in Sources */ = {isa = PBXBuildFile; fileRef = 48665C4F19D515E400CCB1CC /* LNSubscribePaging.m */; };
		48665C8719D515E400CCB1CC /* LNTopicPaging.m in Sources */ = {isa = PBXBuildFile; fileRef = 48665C5119D515E400CCB1CC /* LNTopicPaging.m */; };
		48665C8819D515E400CCB1CC /* LNUnreadTopicPaging.m in Sources */ = {isa = PBXBuildFile; fileRef = 48665C5419D515E400CCB1CC /* LNUnreadTopicPaging.m */; };
		48665C8919D515E400CCB1CC /* LNRequest.m in Sources */ = {isa = PBXBuildFile; fileRef = 48665C5719D515E400CCB1CC /* LNRequest.m */; };
		48665C8A19D515E400CCB1CC /* LNRequestHelper.m in Sources */ = {isa = PBXBuildFile; fileRef = 48665C5919D515E400CCB1CC /* LNRequestHelper.m */; };
		48665C8B19D515E400CCB1CC /* TapatalkAPI.m in Sources */ = {isa = PBXBuildFile; fileRef = 48665C5B19D515E400CCB1CC /* TapatalkAPI.m */; };
		48665C8C19D515E400CCB1CC /* TapatalkHelper.m in Sources */ = {isa = PBXBuildFile; fileRef = 48665C5D19D515E400CCB1CC /* TapatalkHelper.m */; };
		48665C8E19D516D100CCB1CC /* CoreGraphics.framework in Frameworks */ = {isa = PBXBuildFile; fileRef = 48665C8D19D516D100CCB1CC /* CoreGraphics.framework */; };
		48665C9019D516D500CCB1CC /* UIKit.framework in Frameworks */ = {isa = PBXBuildFile; fileRef = 48665C8F19D516D500CCB1CC /* UIKit.framework */; };
		48665C9219D516D800CCB1CC /* CFNetwork.framework in Frameworks */ = {isa = PBXBuildFile; fileRef = 48665C9119D516D800CCB1CC /* CFNetwork.framework */; };
		48665C9419D516DD00CCB1CC /* libxml2.dylib in Frameworks */ = {isa = PBXBuildFile; fileRef = 48665C9319D516DD00CCB1CC /* libxml2.dylib */; };
		48665C9619D516E100CCB1CC /* Foundation.framework in Frameworks */ = {isa = PBXBuildFile; fileRef = 48665C9519D516E100CCB1CC /* Foundation.framework */; };
		48665C9819D5176800CCB1CC /* LNAccountManager.h in Copy Files */ = {isa = PBXBuildFile; fileRef = 48665C3619D515E400CCB1CC /* LNAccountManager.h */; };
		48665C9919D5176800CCB1CC /* PHLogTime.h in Copy Files */ = {isa = PBXBuildFile; fileRef = 48665C3819D515E400CCB1CC /* PHLogTime.h */; };
		48665C9A19D5176800CCB1CC /* LNTapatalkSDK.h in Copy Files */ = {isa = PBXBuildFile; fileRef = 48665C3A19D515E400CCB1CC /* LNTapatalkSDK.h */; };
		48665C9B19D5176800CCB1CC /* ModelForum.h in Copy Files */ = {isa = PBXBuildFile; fileRef = 48665C3D19D515E400CCB1CC /* ModelForum.h */; };
		48665C9C19D5176800CCB1CC /* ModelPost.h in Copy Files */ = {isa = PBXBuildFile; fileRef = 48665C3F19D515E400CCB1CC /* ModelPost.h */; };
		48665C9D19D5176800CCB1CC /* ModelPrefix.h in Copy Files */ = {isa = PBXBuildFile; fileRef = 48665C4119D515E400CCB1CC /* ModelPrefix.h */; };
		48665C9E19D5176800CCB1CC /* ModelTopic.h in Copy Files */ = {isa = PBXBuildFile; fileRef = 48665C4319D515E400CCB1CC /* ModelTopic.h */; };
		48665C9F19D5176800CCB1CC /* ModelUser.h in Copy Files */ = {isa = PBXBuildFile; fileRef = 48665C4519D515E400CCB1CC /* ModelUser.h */; };
		48665CA019D5176800CCB1CC /* LNBasePaging.h in Copy Files */ = {isa = PBXBuildFile; fileRef = 48665C4819D515E400CCB1CC /* LNBasePaging.h */; };
		48665CA119D5176800CCB1CC /* LNForumPaging.h in Copy Files */ = {isa = PBXBuildFile; fileRef = 48665C4A19D515E400CCB1CC /* LNForumPaging.h */; };
		48665CA219D5176800CCB1CC /* LNSearchPaging.h in Copy Files */ = {isa = PBXBuildFile; fileRef = 48665C4C19D515E400CCB1CC /* LNSearchPaging.h */; };
		48665CA319D5176800CCB1CC /* LNSubscribePaging.h in Copy Files */ = {isa = PBXBuildFile; fileRef = 48665C4E19D515E400CCB1CC /* LNSubscribePaging.h */; };
		48665CA419D5176800CCB1CC /* LNTopicPaging.h in Copy Files */ = {isa = PBXBuildFile; fileRef = 48665C5019D515E400CCB1CC /* LNTopicPaging.h */; };
		48665CA519D5176800CCB1CC /* LNUnreadTopic.h in Copy Files */ = {isa = PBXBuildFile; fileRef = 48665C5219D515E400CCB1CC /* LNUnreadTopic.h */; };
		48665CA619D5176800CCB1CC /* LNUnreadTopicPaging.h in Copy Files */ = {isa = PBXBuildFile; fileRef = 48665C5319D515E400CCB1CC /* LNUnreadTopicPaging.h */; };
/* End PBXBuildFile section */

/* Begin PBXCopyFilesBuildPhase section */
		48665BD119D515AB00CCB1CC /* Copy Files */ = {
			isa = PBXCopyFilesBuildPhase;
			buildActionMask = 2147483647;
			dstPath = "include/$(PRODUCT_NAME)";
			dstSubfolderSpec = 16;
			files = (
				48665C9819D5176800CCB1CC /* LNAccountManager.h in Copy Files */,
				48665C9919D5176800CCB1CC /* PHLogTime.h in Copy Files */,
				48665C9A19D5176800CCB1CC /* LNTapatalkSDK.h in Copy Files */,
				48665C9B19D5176800CCB1CC /* ModelForum.h in Copy Files */,
				48665C9C19D5176800CCB1CC /* ModelPost.h in Copy Files */,
				48665C9D19D5176800CCB1CC /* ModelPrefix.h in Copy Files */,
				48665C9E19D5176800CCB1CC /* ModelTopic.h in Copy Files */,
				48665C9F19D5176800CCB1CC /* ModelUser.h in Copy Files */,
				48665CA019D5176800CCB1CC /* LNBasePaging.h in Copy Files */,
				48665CA119D5176800CCB1CC /* LNForumPaging.h in Copy Files */,
				48665CA219D5176800CCB1CC /* LNSearchPaging.h in Copy Files */,
				48665CA319D5176800CCB1CC /* LNSubscribePaging.h in Copy Files */,
				48665CA419D5176800CCB1CC /* LNTopicPaging.h in Copy Files */,
				48665CA519D5176800CCB1CC /* LNUnreadTopic.h in Copy Files */,
				48665CA619D5176800CCB1CC /* LNUnreadTopicPaging.h in Copy Files */,
			);
			name = "Copy Files";
			runOnlyForDeploymentPostprocessing = 0;
		};
/* End PBXCopyFilesBuildPhase section */

/* Begin PBXFileReference section */
		48665BD319D515AB00CCB1CC /* libTapatalkSDK.a */ = {isa = PBXFileReference; explicitFileType = archive.ar; includeInIndex = 0; path = libTapatalkSDK.a; sourceTree = BUILT_PRODUCTS_DIR; };
		48665BDE19D515AB00CCB1CC /* TapatalkSDKTests.xctest */ = {isa = PBXFileReference; explicitFileType = wrapper.cfbundle; includeInIndex = 0; path = TapatalkSDKTests.xctest; sourceTree = BUILT_PRODUCTS_DIR; };
		48665BE119D515AB00CCB1CC /* Info.plist */ = {isa = PBXFileReference; lastKnownFileType = text.plist.xml; path = Info.plist; sourceTree = "<group>"; };
		48665BED19D515E400CCB1CC /* FMDatabase+InMemoryOnDiskIO.h */ = {isa = PBXFileReference; fileEncoding = 4; lastKnownFileType = sourcecode.c.h; path = "FMDatabase+InMemoryOnDiskIO.h"; sourceTree = "<group>"; };
		48665BEE19D515E400CCB1CC /* FMDatabase+InMemoryOnDiskIO.m */ = {isa = PBXFileReference; fileEncoding = 4; lastKnownFileType = sourcecode.c.objc; path = "FMDatabase+InMemoryOnDiskIO.m"; sourceTree = "<group>"; };
		48665BEF19D515E400CCB1CC /* FMDatabase.h */ = {isa = PBXFileReference; fileEncoding = 4; lastKnownFileType = sourcecode.c.h; path = FMDatabase.h; sourceTree = "<group>"; };
		48665BF019D515E400CCB1CC /* FMDatabase.m */ = {isa = PBXFileReference; fileEncoding = 4; lastKnownFileType = sourcecode.c.objc; path = FMDatabase.m; sourceTree = "<group>"; };
		48665BF119D515E400CCB1CC /* FMDatabaseAdditions.h */ = {isa = PBXFileReference; fileEncoding = 4; lastKnownFileType = sourcecode.c.h; path = FMDatabaseAdditions.h; sourceTree = "<group>"; };
		48665BF219D515E400CCB1CC /* FMDatabaseAdditions.m */ = {isa = PBXFileReference; fileEncoding = 4; lastKnownFileType = sourcecode.c.objc; path = FMDatabaseAdditions.m; sourceTree = "<group>"; };
		48665BF319D515E400CCB1CC /* FMDatabasePool.h */ = {isa = PBXFileReference; fileEncoding = 4; lastKnownFileType = sourcecode.c.h; path = FMDatabasePool.h; sourceTree = "<group>"; };
		48665BF419D515E400CCB1CC /* FMDatabasePool.m */ = {isa = PBXFileReference; fileEncoding = 4; lastKnownFileType = sourcecode.c.objc; path = FMDatabasePool.m; sourceTree = "<group>"; };
		48665BF519D515E400CCB1CC /* FMDatabaseQueue.h */ = {isa = PBXFileReference; fileEncoding = 4; lastKnownFileType = sourcecode.c.h; path = FMDatabaseQueue.h; sourceTree = "<group>"; };
		48665BF619D515E400CCB1CC /* FMDatabaseQueue.m */ = {isa = PBXFileReference; fileEncoding = 4; lastKnownFileType = sourcecode.c.objc; path = FMDatabaseQueue.m; sourceTree = "<group>"; };
		48665BF719D515E400CCB1CC /* FMDB.h */ = {isa = PBXFileReference; fileEncoding = 4; lastKnownFileType = sourcecode.c.h; path = FMDB.h; sourceTree = "<group>"; };
		48665BF819D515E400CCB1CC /* FMResultSet.h */ = {isa = PBXFileReference; fileEncoding = 4; lastKnownFileType = sourcecode.c.h; path = FMResultSet.h; sourceTree = "<group>"; };
		48665BF919D515E400CCB1CC /* FMResultSet.m */ = {isa = PBXFileReference; fileEncoding = 4; lastKnownFileType = sourcecode.c.objc; path = FMResultSet.m; sourceTree = "<group>"; };
		48665BFC19D515E400CCB1CC /* CXMLDocument_CreationExtensions.h */ = {isa = PBXFileReference; fileEncoding = 4; lastKnownFileType = sourcecode.c.h; path = CXMLDocument_CreationExtensions.h; sourceTree = "<group>"; };
		48665BFD19D515E400CCB1CC /* CXMLDocument_CreationExtensions.m */ = {isa = PBXFileReference; fileEncoding = 4; lastKnownFileType = sourcecode.c.objc; path = CXMLDocument_CreationExtensions.m; sourceTree = "<group>"; };
		48665BFE19D515E400CCB1CC /* CXMLNode_CreationExtensions.h */ = {isa = PBXFileReference; fileEncoding = 4; lastKnownFileType = sourcecode.c.h; path = CXMLNode_CreationExtensions.h; sourceTree = "<group>"; };
		48665BFF19D515E400CCB1CC /* CXMLNode_CreationExtensions.m */ = {isa = PBXFileReference; fileEncoding = 4; lastKnownFileType = sourcecode.c.objc; path = CXMLNode_CreationExtensions.m; sourceTree = "<group>"; };
		48665C0019D515E400CCB1CC /* CXHTMLDocument.h */ = {isa = PBXFileReference; fileEncoding = 4; lastKnownFileType = sourcecode.c.h; path = CXHTMLDocument.h; sourceTree = "<group>"; };
		48665C0119D515E400CCB1CC /* CXHTMLDocument.m */ = {isa = PBXFileReference; fileEncoding = 4; lastKnownFileType = sourcecode.c.objc; path = CXHTMLDocument.m; sourceTree = "<group>"; };
		48665C0219D515E400CCB1CC /* CXMLDocument.h */ = {isa = PBXFileReference; fileEncoding = 4; lastKnownFileType = sourcecode.c.h; path = CXMLDocument.h; sourceTree = "<group>"; };
		48665C0319D515E400CCB1CC /* CXMLDocument.m */ = {isa = PBXFileReference; fileEncoding = 4; lastKnownFileType = sourcecode.c.objc; path = CXMLDocument.m; sourceTree = "<group>"; };
		48665C0419D515E400CCB1CC /* CXMLDocument_PrivateExtensions.h */ = {isa = PBXFileReference; fileEncoding = 4; lastKnownFileType = sourcecode.c.h; path = CXMLDocument_PrivateExtensions.h; sourceTree = "<group>"; };
		48665C0519D515E400CCB1CC /* CXMLDocument_PrivateExtensions.m */ = {isa = PBXFileReference; fileEncoding = 4; lastKnownFileType = sourcecode.c.objc; path = CXMLDocument_PrivateExtensions.m; sourceTree = "<group>"; };
		48665C0619D515E400CCB1CC /* CXMLElement.h */ = {isa = PBXFileReference; fileEncoding = 4; lastKnownFileType = sourcecode.c.h; path = CXMLElement.h; sourceTree = "<group>"; };
		48665C0719D515E400CCB1CC /* CXMLElement.m */ = {isa = PBXFileReference; fileEncoding = 4; lastKnownFileType = sourcecode.c.objc; path = CXMLElement.m; sourceTree = "<group>"; };
		48665C0819D515E400CCB1CC /* CXMLElement_CreationExtensions.h */ = {isa = PBXFileReference; fileEncoding = 4; lastKnownFileType = sourcecode.c.h; path = CXMLElement_CreationExtensions.h; sourceTree = "<group>"; };
		48665C0919D515E400CCB1CC /* CXMLElement_CreationExtensions.m */ = {isa = PBXFileReference; fileEncoding = 4; lastKnownFileType = sourcecode.c.objc; path = CXMLElement_CreationExtensions.m; sourceTree = "<group>"; };
		48665C0A19D515E400CCB1CC /* CXMLElement_ElementTreeExtensions.h */ = {isa = PBXFileReference; fileEncoding = 4; lastKnownFileType = sourcecode.c.h; path = CXMLElement_ElementTreeExtensions.h; sourceTree = "<group>"; };
		48665C0B19D515E400CCB1CC /* CXMLElement_ElementTreeExtensions.m */ = {isa = PBXFileReference; fileEncoding = 4; lastKnownFileType = sourcecode.c.objc; path = CXMLElement_ElementTreeExtensions.m; sourceTree = "<group>"; };
		48665C0C19D515E400CCB1CC /* CXMLNamespaceNode.h */ = {isa = PBXFileReference; fileEncoding = 4; lastKnownFileType = sourcecode.c.h; path = CXMLNamespaceNode.h; sourceTree = "<group>"; };
		48665C0D19D515E400CCB1CC /* CXMLNamespaceNode.m */ = {isa = PBXFileReference; fileEncoding = 4; lastKnownFileType = sourcecode.c.objc; path = CXMLNamespaceNode.m; sourceTree = "<group>"; };
		48665C0E19D515E400CCB1CC /* CXMLNode.h */ = {isa = PBXFileReference; fileEncoding = 4; lastKnownFileType = sourcecode.c.h; path = CXMLNode.h; sourceTree = "<group>"; };
		48665C0F19D515E400CCB1CC /* CXMLNode.m */ = {isa = PBXFileReference; fileEncoding = 4; lastKnownFileType = sourcecode.c.objc; path = CXMLNode.m; sourceTree = "<group>"; };
		48665C1019D515E400CCB1CC /* CXMLNode_PrivateExtensions.h */ = {isa = PBXFileReference; fileEncoding = 4; lastKnownFileType = sourcecode.c.h; path = CXMLNode_PrivateExtensions.h; sourceTree = "<group>"; };
		48665C1119D515E400CCB1CC /* CXMLNode_PrivateExtensions.m */ = {isa = PBXFileReference; fileEncoding = 4; lastKnownFileType = sourcecode.c.objc; path = CXMLNode_PrivateExtensions.m; sourceTree = "<group>"; };
		48665C1219D515E400CCB1CC /* CXMLNode_XPathExtensions.h */ = {isa = PBXFileReference; fileEncoding = 4; lastKnownFileType = sourcecode.c.h; path = CXMLNode_XPathExtensions.h; sourceTree = "<group>"; };
		48665C1319D515E400CCB1CC /* CXMLNode_XPathExtensions.m */ = {isa = PBXFileReference; fileEncoding = 4; lastKnownFileType = sourcecode.c.objc; path = CXMLNode_XPathExtensions.m; sourceTree = "<group>"; };
		48665C1519D515E400CCB1CC /* CTidy.h */ = {isa = PBXFileReference; fileEncoding = 4; lastKnownFileType = sourcecode.c.h; path = CTidy.h; sourceTree = "<group>"; };
		48665C1619D515E400CCB1CC /* CTidy.m */ = {isa = PBXFileReference; fileEncoding = 4; lastKnownFileType = sourcecode.c.objc; path = CTidy.m; sourceTree = "<group>"; };
		48665C1719D515E400CCB1CC /* TouchXML.h */ = {isa = PBXFileReference; fileEncoding = 4; lastKnownFileType = sourcecode.c.h; path = TouchXML.h; sourceTree = "<group>"; };
		48665C1A19D515E400CCB1CC /* NSStringAdditions.h */ = {isa = PBXFileReference; fileEncoding = 4; lastKnownFileType = sourcecode.c.h; path = NSStringAdditions.h; sourceTree = "<group>"; };
		48665C1B19D515E400CCB1CC /* NSStringAdditions.m */ = {isa = PBXFileReference; fileEncoding = 4; lastKnownFileType = sourcecode.c.objc; path = NSStringAdditions.m; sourceTree = "<group>"; };
		48665C1C19D515E400CCB1CC /* XML+NSData+Base64.h */ = {isa = PBXFileReference; fileEncoding = 4; lastKnownFileType = sourcecode.c.h; path = "XML+NSData+Base64.h"; sourceTree = "<group>"; };
		48665C1D19D515E400CCB1CC /* XML+NSData+Base64.m */ = {isa = PBXFileReference; fileEncoding = 4; lastKnownFileType = sourcecode.c.objc; path = "XML+NSData+Base64.m"; sourceTree = "<group>"; };
		48665C1F19D515E400CCB1CC /* XMLRPCConnectionDelegate.h */ = {isa = PBXFileReference; fileEncoding = 4; lastKnownFileType = sourcecode.c.h; path = XMLRPCConnectionDelegate.h; sourceTree = "<group>"; };
		48665C2119D515E400CCB1CC /* XMLRPCEncoder.h */ = {isa = PBXFileReference; fileEncoding = 4; lastKnownFileType = sourcecode.c.h; path = XMLRPCEncoder.h; sourceTree = "<group>"; };
		48665C2219D515E400CCB1CC /* XMLRPC.h */ = {isa = PBXFileReference; fileEncoding = 4; lastKnownFileType = sourcecode.c.h; path = XMLRPC.h; sourceTree = "<group>"; };
		48665C2319D515E400CCB1CC /* XMLRPCConnection.h */ = {isa = PBXFileReference; fileEncoding = 4; lastKnownFileType = sourcecode.c.h; path = XMLRPCConnection.h; sourceTree = "<group>"; };
		48665C2419D515E400CCB1CC /* XMLRPCConnection.m */ = {isa = PBXFileReference; fileEncoding = 4; lastKnownFileType = sourcecode.c.objc; path = XMLRPCConnection.m; sourceTree = "<group>"; };
		48665C2519D515E400CCB1CC /* XMLRPCConnectionManager.h */ = {isa = PBXFileReference; fileEncoding = 4; lastKnownFileType = sourcecode.c.h; path = XMLRPCConnectionManager.h; sourceTree = "<group>"; };
		48665C2619D515E400CCB1CC /* XMLRPCConnectionManager.m */ = {isa = PBXFileReference; fileEncoding = 4; lastKnownFileType = sourcecode.c.objc; path = XMLRPCConnectionManager.m; sourceTree = "<group>"; };
		48665C2719D515E400CCB1CC /* XMLRPCDefaultEncoder.h */ = {isa = PBXFileReference; fileEncoding = 4; lastKnownFileType = sourcecode.c.h; path = XMLRPCDefaultEncoder.h; sourceTree = "<group>"; };
		48665C2819D515E400CCB1CC /* XMLRPCDefaultEncoder.m */ = {isa = PBXFileReference; fileEncoding = 4; lastKnownFileType = sourcecode.c.objc; path = XMLRPCDefaultEncoder.m; sourceTree = "<group>"; };
		48665C2919D515E400CCB1CC /* XMLRPCEventBasedParser.h */ = {isa = PBXFileReference; fileEncoding = 4; lastKnownFileType = sourcecode.c.h; path = XMLRPCEventBasedParser.h; sourceTree = "<group>"; };
		48665C2A19D515E400CCB1CC /* XMLRPCEventBasedParser.m */ = {isa = PBXFileReference; fileEncoding = 4; lastKnownFileType = sourcecode.c.objc; path = XMLRPCEventBasedParser.m; sourceTree = "<group>"; };
		48665C2B19D515E400CCB1CC /* XMLRPCEventBasedParserDelegate.h */ = {isa = PBXFileReference; fileEncoding = 4; lastKnownFileType = sourcecode.c.h; path = XMLRPCEventBasedParserDelegate.h; sourceTree = "<group>"; };
		48665C2C19D515E400CCB1CC /* XMLRPCEventBasedParserDelegate.m */ = {isa = PBXFileReference; fileEncoding = 4; lastKnownFileType = sourcecode.c.objc; path = XMLRPCEventBasedParserDelegate.m; sourceTree = "<group>"; };
		48665C2D19D515E400CCB1CC /* XMLRPCRequest.h */ = {isa = PBXFileReference; fileEncoding = 4; lastKnownFileType = sourcecode.c.h; path = XMLRPCRequest.h; sourceTree = "<group>"; };
		48665C2E19D515E400CCB1CC /* XMLRPCRequest.m */ = {isa = PBXFileReference; fileEncoding = 4; lastKnownFileType = sourcecode.c.objc; path = XMLRPCRequest.m; sourceTree = "<group>"; };
		48665C2F19D515E400CCB1CC /* XMLRPCResponse.h */ = {isa = PBXFileReference; fileEncoding = 4; lastKnownFileType = sourcecode.c.h; path = XMLRPCResponse.h; sourceTree = "<group>"; };
		48665C3019D515E400CCB1CC /* XMLRPCResponse.m */ = {isa = PBXFileReference; fileEncoding = 4; lastKnownFileType = sourcecode.c.objc; path = XMLRPCResponse.m; sourceTree = "<group>"; };
		48665C3319D515E400CCB1CC /* NSString+LNTapatalkHelper.h */ = {isa = PBXFileReference; fileEncoding = 4; lastKnownFileType = sourcecode.c.h; path = "NSString+LNTapatalkHelper.h"; sourceTree = "<group>"; };
		48665C3419D515E400CCB1CC /* NSString+LNTapatalkHelper.m */ = {isa = PBXFileReference; fileEncoding = 4; lastKnownFileType = sourcecode.c.objc; path = "NSString+LNTapatalkHelper.m"; sourceTree = "<group>"; };
		48665C3619D515E400CCB1CC /* LNAccountManager.h */ = {isa = PBXFileReference; fileEncoding = 4; lastKnownFileType = sourcecode.c.h; path = LNAccountManager.h; sourceTree = "<group>"; };
		48665C3719D515E400CCB1CC /* LNAccountManager.m */ = {isa = PBXFileReference; fileEncoding = 4; lastKnownFileType = sourcecode.c.objc; path = LNAccountManager.m; sourceTree = "<group>"; };
		48665C3819D515E400CCB1CC /* PHLogTime.h */ = {isa = PBXFileReference; fileEncoding = 4; lastKnownFileType = sourcecode.c.h; path = PHLogTime.h; sourceTree = "<group>"; };
		48665C3919D515E400CCB1CC /* PHLogTime.m */ = {isa = PBXFileReference; fileEncoding = 4; lastKnownFileType = sourcecode.c.objc; path = PHLogTime.m; sourceTree = "<group>"; };
		48665C3A19D515E400CCB1CC /* LNTapatalkSDK.h */ = {isa = PBXFileReference; fileEncoding = 4; lastKnownFileType = sourcecode.c.h; path = LNTapatalkSDK.h; sourceTree = "<group>"; };
		48665C3B19D515E400CCB1CC /* LNTapatalkSDK.m */ = {isa = PBXFileReference; fileEncoding = 4; lastKnownFileType = sourcecode.c.objc; path = LNTapatalkSDK.m; sourceTree = "<group>"; };
		48665C3D19D515E400CCB1CC /* ModelForum.h */ = {isa = PBXFileReference; fileEncoding = 4; lastKnownFileType = sourcecode.c.h; path = ModelForum.h; sourceTree = "<group>"; };
		48665C3E19D515E400CCB1CC /* ModelForum.m */ = {isa = PBXFileReference; fileEncoding = 4; lastKnownFileType = sourcecode.c.objc; path = ModelForum.m; sourceTree = "<group>"; };
		48665C3F19D515E400CCB1CC /* ModelPost.h */ = {isa = PBXFileReference; fileEncoding = 4; lastKnownFileType = sourcecode.c.h; path = ModelPost.h; sourceTree = "<group>"; };
		48665C4019D515E400CCB1CC /* ModelPost.m */ = {isa = PBXFileReference; fileEncoding = 4; lastKnownFileType = sourcecode.c.objc; path = ModelPost.m; sourceTree = "<group>"; };
		48665C4119D515E400CCB1CC /* ModelPrefix.h */ = {isa = PBXFileReference; fileEncoding = 4; lastKnownFileType = sourcecode.c.h; path = ModelPrefix.h; sourceTree = "<group>"; };
		48665C4219D515E400CCB1CC /* ModelPrefix.m */ = {isa = PBXFileReference; fileEncoding = 4; lastKnownFileType = sourcecode.c.objc; path = ModelPrefix.m; sourceTree = "<group>"; };
		48665C4319D515E400CCB1CC /* ModelTopic.h */ = {isa = PBXFileReference; fileEncoding = 4; lastKnownFileType = sourcecode.c.h; path = ModelTopic.h; sourceTree = "<group>"; };
		48665C4419D515E400CCB1CC /* ModelTopic.m */ = {isa = PBXFileReference; fileEncoding = 4; lastKnownFileType = sourcecode.c.objc; path = ModelTopic.m; sourceTree = "<group>"; };
		48665C4519D515E400CCB1CC /* ModelUser.h */ = {isa = PBXFileReference; fileEncoding = 4; lastKnownFileType = sourcecode.c.h; path = ModelUser.h; sourceTree = "<group>"; };
		48665C4619D515E400CCB1CC /* ModelUser.m */ = {isa = PBXFileReference; fileEncoding = 4; lastKnownFileType = sourcecode.c.objc; path = ModelUser.m; sourceTree = "<group>"; };
		48665C4819D515E400CCB1CC /* LNBasePaging.h */ = {isa = PBXFileReference; fileEncoding = 4; lastKnownFileType = sourcecode.c.h; path = LNBasePaging.h; sourceTree = "<group>"; };
		48665C4919D515E400CCB1CC /* LNBasePaging.m */ = {isa = PBXFileReference; fileEncoding = 4; lastKnownFileType = sourcecode.c.objc; path = LNBasePaging.m; sourceTree = "<group>"; };
		48665C4A19D515E400CCB1CC /* LNForumPaging.h */ = {isa = PBXFileReference; fileEncoding = 4; lastKnownFileType = sourcecode.c.h; path = LNForumPaging.h; sourceTree = "<group>"; };
		48665C4B19D515E400CCB1CC /* LNForumPaging.m */ = {isa = PBXFileReference; fileEncoding = 4; lastKnownFileType = sourcecode.c.objc; path = LNForumPaging.m; sourceTree = "<group>"; };
		48665C4C19D515E400CCB1CC /* LNSearchPaging.h */ = {isa = PBXFileReference; fileEncoding = 4; lastKnownFileType = sourcecode.c.h; path = LNSearchPaging.h; sourceTree = "<group>"; };
		48665C4D19D515E400CCB1CC /* LNSearchPaging.m */ = {isa = PBXFileReference; fileEncoding = 4; lastKnownFileType = sourcecode.c.objc; path = LNSearchPaging.m; sourceTree = "<group>"; };
		48665C4E19D515E400CCB1CC /* LNSubscribePaging.h */ = {isa = PBXFileReference; fileEncoding = 4; lastKnownFileType = sourcecode.c.h; path = LNSubscribePaging.h; sourceTree = "<group>"; };
		48665C4F19D515E400CCB1CC /* LNSubscribePaging.m */ = {isa = PBXFileReference; fileEncoding = 4; lastKnownFileType = sourcecode.c.objc; path = LNSubscribePaging.m; sourceTree = "<group>"; };
		48665C5019D515E400CCB1CC /* LNTopicPaging.h */ = {isa = PBXFileReference; fileEncoding = 4; lastKnownFileType = sourcecode.c.h; path = LNTopicPaging.h; sourceTree = "<group>"; };
		48665C5119D515E400CCB1CC /* LNTopicPaging.m */ = {isa = PBXFileReference; fileEncoding = 4; lastKnownFileType = sourcecode.c.objc; path = LNTopicPaging.m; sourceTree = "<group>"; };
		48665C5219D515E400CCB1CC /* LNUnreadTopic.h */ = {isa = PBXFileReference; fileEncoding = 4; lastKnownFileType = sourcecode.c.h; path = LNUnreadTopic.h; sourceTree = "<group>"; };
		48665C5319D515E400CCB1CC /* LNUnreadTopicPaging.h */ = {isa = PBXFileReference; fileEncoding = 4; lastKnownFileType = sourcecode.c.h; path = LNUnreadTopicPaging.h; sourceTree = "<group>"; };
		48665C5419D515E400CCB1CC /* LNUnreadTopicPaging.m */ = {isa = PBXFileReference; fileEncoding = 4; lastKnownFileType = sourcecode.c.objc; path = LNUnreadTopicPaging.m; sourceTree = "<group>"; };
		48665C5619D515E400CCB1CC /* LNRequest.h */ = {isa = PBXFileReference; fileEncoding = 4; lastKnownFileType = sourcecode.c.h; path = LNRequest.h; sourceTree = "<group>"; };
		48665C5719D515E400CCB1CC /* LNRequest.m */ = {isa = PBXFileReference; fileEncoding = 4; lastKnownFileType = sourcecode.c.objc; path = LNRequest.m; sourceTree = "<group>"; };
		48665C5819D515E400CCB1CC /* LNRequestHelper.h */ = {isa = PBXFileReference; fileEncoding = 4; lastKnownFileType = sourcecode.c.h; path = LNRequestHelper.h; sourceTree = "<group>"; };
		48665C5919D515E400CCB1CC /* LNRequestHelper.m */ = {isa = PBXFileReference; fileEncoding = 4; lastKnownFileType = sourcecode.c.objc; path = LNRequestHelper.m; sourceTree = "<group>"; };
		48665C5A19D515E400CCB1CC /* TapatalkAPI.h */ = {isa = PBXFileReference; fileEncoding = 4; lastKnownFileType = sourcecode.c.h; path = TapatalkAPI.h; sourceTree = "<group>"; };
		48665C5B19D515E400CCB1CC /* TapatalkAPI.m */ = {isa = PBXFileReference; fileEncoding = 4; lastKnownFileType = sourcecode.c.objc; path = TapatalkAPI.m; sourceTree = "<group>"; };
		48665C5C19D515E400CCB1CC /* TapatalkHelper.h */ = {isa = PBXFileReference; fileEncoding = 4; lastKnownFileType = sourcecode.c.h; path = TapatalkHelper.h; sourceTree = "<group>"; };
		48665C5D19D515E400CCB1CC /* TapatalkHelper.m */ = {isa = PBXFileReference; fileEncoding = 4; lastKnownFileType = sourcecode.c.objc; path = TapatalkHelper.m; sourceTree = "<group>"; };
		48665C8D19D516D100CCB1CC /* CoreGraphics.framework */ = {isa = PBXFileReference; lastKnownFileType = wrapper.framework; name = CoreGraphics.framework; path = System/Library/Frameworks/CoreGraphics.framework; sourceTree = SDKROOT; };
		48665C8F19D516D500CCB1CC /* UIKit.framework */ = {isa = PBXFileReference; lastKnownFileType = wrapper.framework; name = UIKit.framework; path = System/Library/Frameworks/UIKit.framework; sourceTree = SDKROOT; };
		48665C9119D516D800CCB1CC /* CFNetwork.framework */ = {isa = PBXFileReference; lastKnownFileType = wrapper.framework; name = CFNetwork.framework; path = System/Library/Frameworks/CFNetwork.framework; sourceTree = SDKROOT; };
		48665C9319D516DD00CCB1CC /* libxml2.dylib */ = {isa = PBXFileReference; lastKnownFileType = "compiled.mach-o.dylib"; name = libxml2.dylib; path = usr/lib/libxml2.dylib; sourceTree = SDKROOT; };
		48665C9519D516E100CCB1CC /* Foundation.framework */ = {isa = PBXFileReference; lastKnownFileType = wrapper.framework; name = Foundation.framework; path = System/Library/Frameworks/Foundation.framework; sourceTree = SDKROOT; };
/* End PBXFileReference section */

/* Begin PBXFrameworksBuildPhase section */
		48665BD019D515AB00CCB1CC /* Frameworks */ = {
			isa = PBXFrameworksBuildPhase;
			buildActionMask = 2147483647;
			files = (
				48665C9619D516E100CCB1CC /* Foundation.framework in Frameworks */,
				48665C9419D516DD00CCB1CC /* libxml2.dylib in Frameworks */,
				48665C9219D516D800CCB1CC /* CFNetwork.framework in Frameworks */,
				48665C9019D516D500CCB1CC /* UIKit.framework in Frameworks */,
				48665C8E19D516D100CCB1CC /* CoreGraphics.framework in Frameworks */,
			);
			runOnlyForDeploymentPostprocessing = 0;
		};
		48665BDB19D515AB00CCB1CC /* Frameworks */ = {
			isa = PBXFrameworksBuildPhase;
			buildActionMask = 2147483647;
			files = (
			);
			runOnlyForDeploymentPostprocessing = 0;
		};
/* End PBXFrameworksBuildPhase section */

/* Begin PBXGroup section */
		48665BCA19D515AB00CCB1CC = {
			isa = PBXGroup;
			children = (
				48665BD519D515AB00CCB1CC /* TapatalkSDK */,
				48665C9719D516F900CCB1CC /* Frameworks */,
				48665BDF19D515AB00CCB1CC /* TapatalkSDKTests */,
				48665BD419D515AB00CCB1CC /* Products */,
			);
			sourceTree = "<group>";
		};
		48665BD419D515AB00CCB1CC /* Products */ = {
			isa = PBXGroup;
			children = (
				48665BD319D515AB00CCB1CC /* libTapatalkSDK.a */,
				48665BDE19D515AB00CCB1CC /* TapatalkSDKTests.xctest */,
			);
			name = Products;
			sourceTree = "<group>";
		};
		48665BD519D515AB00CCB1CC /* TapatalkSDK */ = {
			isa = PBXGroup;
			children = (
				48665BEA19D515E400CCB1CC /* External */,
				48665C3119D515E400CCB1CC /* Source */,
			);
			path = TapatalkSDK;
			sourceTree = "<group>";
		};
		48665BDF19D515AB00CCB1CC /* TapatalkSDKTests */ = {
			isa = PBXGroup;
			children = (
				48665BE019D515AB00CCB1CC /* Supporting Files */,
			);
			path = TapatalkSDKTests;
			sourceTree = "<group>";
		};
		48665BE019D515AB00CCB1CC /* Supporting Files */ = {
			isa = PBXGroup;
			children = (
				48665BE119D515AB00CCB1CC /* Info.plist */,
			);
			name = "Supporting Files";
			sourceTree = "<group>";
		};
		48665BEA19D515E400CCB1CC /* External */ = {
			isa = PBXGroup;
			children = (
				48665BEB19D515E400CCB1CC /* FMDB */,
				48665BFA19D515E400CCB1CC /* TouchXML */,
				48665C1819D515E400CCB1CC /* XMLRPC */,
			);
			path = External;
			sourceTree = "<group>";
		};
		48665BEB19D515E400CCB1CC /* FMDB */ = {
			isa = PBXGroup;
			children = (
				48665BEC19D515E400CCB1CC /* extra */,
				48665BEF19D515E400CCB1CC /* FMDatabase.h */,
				48665BF019D515E400CCB1CC /* FMDatabase.m */,
				48665BF119D515E400CCB1CC /* FMDatabaseAdditions.h */,
				48665BF219D515E400CCB1CC /* FMDatabaseAdditions.m */,
				48665BF319D515E400CCB1CC /* FMDatabasePool.h */,
				48665BF419D515E400CCB1CC /* FMDatabasePool.m */,
				48665BF519D515E400CCB1CC /* FMDatabaseQueue.h */,
				48665BF619D515E400CCB1CC /* FMDatabaseQueue.m */,
				48665BF719D515E400CCB1CC /* FMDB.h */,
				48665BF819D515E400CCB1CC /* FMResultSet.h */,
				48665BF919D515E400CCB1CC /* FMResultSet.m */,
			);
			path = FMDB;
			sourceTree = "<group>";
		};
		48665BEC19D515E400CCB1CC /* extra */ = {
			isa = PBXGroup;
			children = (
				48665BED19D515E400CCB1CC /* FMDatabase+InMemoryOnDiskIO.h */,
				48665BEE19D515E400CCB1CC /* FMDatabase+InMemoryOnDiskIO.m */,
			);
			path = extra;
			sourceTree = "<group>";
		};
		48665BFA19D515E400CCB1CC /* TouchXML */ = {
			isa = PBXGroup;
			children = (
				48665BFB19D515E400CCB1CC /* Creation */,
				48665C0019D515E400CCB1CC /* CXHTMLDocument.h */,
				48665C0119D515E400CCB1CC /* CXHTMLDocument.m */,
				48665C0219D515E400CCB1CC /* CXMLDocument.h */,
				48665C0319D515E400CCB1CC /* CXMLDocument.m */,
				48665C0419D515E400CCB1CC /* CXMLDocument_PrivateExtensions.h */,
				48665C0519D515E400CCB1CC /* CXMLDocument_PrivateExtensions.m */,
				48665C0619D515E400CCB1CC /* CXMLElement.h */,
				48665C0719D515E400CCB1CC /* CXMLElement.m */,
				48665C0819D515E400CCB1CC /* CXMLElement_CreationExtensions.h */,
				48665C0919D515E400CCB1CC /* CXMLElement_CreationExtensions.m */,
				48665C0A19D515E400CCB1CC /* CXMLElement_ElementTreeExtensions.h */,
				48665C0B19D515E400CCB1CC /* CXMLElement_ElementTreeExtensions.m */,
				48665C0C19D515E400CCB1CC /* CXMLNamespaceNode.h */,
				48665C0D19D515E400CCB1CC /* CXMLNamespaceNode.m */,
				48665C0E19D515E400CCB1CC /* CXMLNode.h */,
				48665C0F19D515E400CCB1CC /* CXMLNode.m */,
				48665C1019D515E400CCB1CC /* CXMLNode_PrivateExtensions.h */,
				48665C1119D515E400CCB1CC /* CXMLNode_PrivateExtensions.m */,
				48665C1219D515E400CCB1CC /* CXMLNode_XPathExtensions.h */,
				48665C1319D515E400CCB1CC /* CXMLNode_XPathExtensions.m */,
				48665C1419D515E400CCB1CC /* Tidy */,
				48665C1719D515E400CCB1CC /* TouchXML.h */,
			);
			path = TouchXML;
			sourceTree = "<group>";
		};
		48665BFB19D515E400CCB1CC /* Creation */ = {
			isa = PBXGroup;
			children = (
				48665BFC19D515E400CCB1CC /* CXMLDocument_CreationExtensions.h */,
				48665BFD19D515E400CCB1CC /* CXMLDocument_CreationExtensions.m */,
				48665BFE19D515E400CCB1CC /* CXMLNode_CreationExtensions.h */,
				48665BFF19D515E400CCB1CC /* CXMLNode_CreationExtensions.m */,
			);
			path = Creation;
			sourceTree = "<group>";
		};
		48665C1419D515E400CCB1CC /* Tidy */ = {
			isa = PBXGroup;
			children = (
				48665C1519D515E400CCB1CC /* CTidy.h */,
				48665C1619D515E400CCB1CC /* CTidy.m */,
			);
			path = Tidy;
			sourceTree = "<group>";
		};
		48665C1819D515E400CCB1CC /* XMLRPC */ = {
			isa = PBXGroup;
			children = (
				48665C1919D515E400CCB1CC /* Additions */,
				48665C1E19D515E400CCB1CC /* Delegate */,
				48665C2019D515E400CCB1CC /* Protocols */,
				48665C2219D515E400CCB1CC /* XMLRPC.h */,
				48665C2319D515E400CCB1CC /* XMLRPCConnection.h */,
				48665C2419D515E400CCB1CC /* XMLRPCConnection.m */,
				48665C2519D515E400CCB1CC /* XMLRPCConnectionManager.h */,
				48665C2619D515E400CCB1CC /* XMLRPCConnectionManager.m */,
				48665C2719D515E400CCB1CC /* XMLRPCDefaultEncoder.h */,
				48665C2819D515E400CCB1CC /* XMLRPCDefaultEncoder.m */,
				48665C2919D515E400CCB1CC /* XMLRPCEventBasedParser.h */,
				48665C2A19D515E400CCB1CC /* XMLRPCEventBasedParser.m */,
				48665C2B19D515E400CCB1CC /* XMLRPCEventBasedParserDelegate.h */,
				48665C2C19D515E400CCB1CC /* XMLRPCEventBasedParserDelegate.m */,
				48665C2D19D515E400CCB1CC /* XMLRPCRequest.h */,
				48665C2E19D515E400CCB1CC /* XMLRPCRequest.m */,
				48665C2F19D515E400CCB1CC /* XMLRPCResponse.h */,
				48665C3019D515E400CCB1CC /* XMLRPCResponse.m */,
			);
			path = XMLRPC;
			sourceTree = "<group>";
		};
		48665C1919D515E400CCB1CC /* Additions */ = {
			isa = PBXGroup;
			children = (
				48665C1A19D515E400CCB1CC /* NSStringAdditions.h */,
				48665C1B19D515E400CCB1CC /* NSStringAdditions.m */,
				48665C1C19D515E400CCB1CC /* XML+NSData+Base64.h */,
				48665C1D19D515E400CCB1CC /* XML+NSData+Base64.m */,
			);
			path = Additions;
			sourceTree = "<group>";
		};
		48665C1E19D515E400CCB1CC /* Delegate */ = {
			isa = PBXGroup;
			children = (
				48665C1F19D515E400CCB1CC /* XMLRPCConnectionDelegate.h */,
			);
			path = Delegate;
			sourceTree = "<group>";
		};
		48665C2019D515E400CCB1CC /* Protocols */ = {
			isa = PBXGroup;
			children = (
				48665C2119D515E400CCB1CC /* XMLRPCEncoder.h */,
			);
			path = Protocols;
			sourceTree = "<group>";
		};
		48665C3119D515E400CCB1CC /* Source */ = {
			isa = PBXGroup;
			children = (
				48665C3219D515E400CCB1CC /* CategoryClass */,
				48665C3519D515E400CCB1CC /* Helper */,
				48665C3A19D515E400CCB1CC /* LNTapatalkSDK.h */,
				48665C3B19D515E400CCB1CC /* LNTapatalkSDK.m */,
				48665C3C19D515E400CCB1CC /* Model */,
				48665C4719D515E400CCB1CC /* Paging */,
				48665C5519D515E400CCB1CC /* Request */,
			);
			path = Source;
			sourceTree = "<group>";
		};
		48665C3219D515E400CCB1CC /* CategoryClass */ = {
			isa = PBXGroup;
			children = (
				48665C3319D515E400CCB1CC /* NSString+LNTapatalkHelper.h */,
				48665C3419D515E400CCB1CC /* NSString+LNTapatalkHelper.m */,
			);
			path = CategoryClass;
			sourceTree = "<group>";
		};
		48665C3519D515E400CCB1CC /* Helper */ = {
			isa = PBXGroup;
			children = (
				48665C3619D515E400CCB1CC /* LNAccountManager.h */,
				48665C3719D515E400CCB1CC /* LNAccountManager.m */,
				48665C3819D515E400CCB1CC /* PHLogTime.h */,
				48665C3919D515E400CCB1CC /* PHLogTime.m */,
			);
			path = Helper;
			sourceTree = "<group>";
		};
		48665C3C19D515E400CCB1CC /* Model */ = {
			isa = PBXGroup;
			children = (
				48665C3D19D515E400CCB1CC /* ModelForum.h */,
				48665C3E19D515E400CCB1CC /* ModelForum.m */,
				48665C3F19D515E400CCB1CC /* ModelPost.h */,
				48665C4019D515E400CCB1CC /* ModelPost.m */,
				48665C4119D515E400CCB1CC /* ModelPrefix.h */,
				48665C4219D515E400CCB1CC /* ModelPrefix.m */,
				48665C4319D515E400CCB1CC /* ModelTopic.h */,
				48665C4419D515E400CCB1CC /* ModelTopic.m */,
				48665C4519D515E400CCB1CC /* ModelUser.h */,
				48665C4619D515E400CCB1CC /* ModelUser.m */,
			);
			path = Model;
			sourceTree = "<group>";
		};
		48665C4719D515E400CCB1CC /* Paging */ = {
			isa = PBXGroup;
			children = (
				48665C4819D515E400CCB1CC /* LNBasePaging.h */,
				48665C4919D515E400CCB1CC /* LNBasePaging.m */,
				48665C4A19D515E400CCB1CC /* LNForumPaging.h */,
				48665C4B19D515E400CCB1CC /* LNForumPaging.m */,
				48665C4C19D515E400CCB1CC /* LNSearchPaging.h */,
				48665C4D19D515E400CCB1CC /* LNSearchPaging.m */,
				48665C4E19D515E400CCB1CC /* LNSubscribePaging.h */,
				48665C4F19D515E400CCB1CC /* LNSubscribePaging.m */,
				48665C5019D515E400CCB1CC /* LNTopicPaging.h */,
				48665C5119D515E400CCB1CC /* LNTopicPaging.m */,
				48665C5219D515E400CCB1CC /* LNUnreadTopic.h */,
				48665C5319D515E400CCB1CC /* LNUnreadTopicPaging.h */,
				48665C5419D515E400CCB1CC /* LNUnreadTopicPaging.m */,
			);
			path = Paging;
			sourceTree = "<group>";
		};
		48665C5519D515E400CCB1CC /* Request */ = {
			isa = PBXGroup;
			children = (
				48665C5619D515E400CCB1CC /* LNRequest.h */,
				48665C5719D515E400CCB1CC /* LNRequest.m */,
				48665C5819D515E400CCB1CC /* LNRequestHelper.h */,
				48665C5919D515E400CCB1CC /* LNRequestHelper.m */,
				48665C5A19D515E400CCB1CC /* TapatalkAPI.h */,
				48665C5B19D515E400CCB1CC /* TapatalkAPI.m */,
				48665C5C19D515E400CCB1CC /* TapatalkHelper.h */,
				48665C5D19D515E400CCB1CC /* TapatalkHelper.m */,
			);
			path = Request;
			sourceTree = "<group>";
		};
		48665C9719D516F900CCB1CC /* Frameworks */ = {
			isa = PBXGroup;
			children = (
				48665C9519D516E100CCB1CC /* Foundation.framework */,
				48665C9319D516DD00CCB1CC /* libxml2.dylib */,
				48665C9119D516D800CCB1CC /* CFNetwork.framework */,
				48665C8F19D516D500CCB1CC /* UIKit.framework */,
				48665C8D19D516D100CCB1CC /* CoreGraphics.framework */,
			);
			name = Frameworks;
			path = TapatalkSDK;
			sourceTree = "<group>";
		};
/* End PBXGroup section */

/* Begin PBXNativeTarget section */
		48665BD219D515AB00CCB1CC /* TapatalkSDK */ = {
			isa = PBXNativeTarget;
			buildConfigurationList = 48665BE419D515AB00CCB1CC /* Build configuration list for PBXNativeTarget "TapatalkSDK" */;
			buildPhases = (
				48665BCF19D515AB00CCB1CC /* Sources */,
				48665BD019D515AB00CCB1CC /* Frameworks */,
				48665BD119D515AB00CCB1CC /* Copy Files */,
			);
			buildRules = (
			);
			dependencies = (
			);
			name = TapatalkSDK;
			productName = TapatalkSDK;
			productReference = 48665BD319D515AB00CCB1CC /* libTapatalkSDK.a */;
			productType = "com.apple.product-type.library.static";
		};
		48665BDD19D515AB00CCB1CC /* TapatalkSDKTests */ = {
			isa = PBXNativeTarget;
			buildConfigurationList = 48665BE719D515AB00CCB1CC /* Build configuration list for PBXNativeTarget "TapatalkSDKTests" */;
			buildPhases = (
				48665BDA19D515AB00CCB1CC /* Sources */,
				48665BDB19D515AB00CCB1CC /* Frameworks */,
				48665BDC19D515AB00CCB1CC /* Resources */,
			);
			buildRules = (
			);
			dependencies = (
			);
			name = TapatalkSDKTests;
			productName = TapatalkSDKTests;
			productReference = 48665BDE19D515AB00CCB1CC /* TapatalkSDKTests.xctest */;
			productType = "com.apple.product-type.bundle.unit-test";
		};
/* End PBXNativeTarget section */

/* Begin PBXProject section */
		48665BCB19D515AB00CCB1CC /* Project object */ = {
			isa = PBXProject;
			attributes = {
				LastUpgradeCheck = 0600;
				ORGANIZATIONNAME = TPH;
				TargetAttributes = {
					48665BD219D515AB00CCB1CC = {
						CreatedOnToolsVersion = 6.0.1;
					};
					48665BDD19D515AB00CCB1CC = {
						CreatedOnToolsVersion = 6.0.1;
					};
				};
			};
			buildConfigurationList = 48665BCE19D515AB00CCB1CC /* Build configuration list for PBXProject "TapatalkSDK" */;
			compatibilityVersion = "Xcode 3.2";
			developmentRegion = English;
			hasScannedForEncodings = 0;
			knownRegions = (
				en,
			);
			mainGroup = 48665BCA19D515AB00CCB1CC;
			productRefGroup = 48665BD419D515AB00CCB1CC /* Products */;
			projectDirPath = "";
			projectRoot = "";
			targets = (
				48665BD219D515AB00CCB1CC /* TapatalkSDK */,
				48665BDD19D515AB00CCB1CC /* TapatalkSDKTests */,
			);
		};
/* End PBXProject section */

/* Begin PBXResourcesBuildPhase section */
		48665BDC19D515AB00CCB1CC /* Resources */ = {
			isa = PBXResourcesBuildPhase;
			buildActionMask = 2147483647;
			files = (
			);
			runOnlyForDeploymentPostprocessing = 0;
		};
/* End PBXResourcesBuildPhase section */

/* Begin PBXSourcesBuildPhase section */
		48665BCF19D515AB00CCB1CC /* Sources */ = {
			isa = PBXSourcesBuildPhase;
			buildActionMask = 2147483647;
			files = (
				48665C7319D515E400CCB1CC /* XMLRPCConnection.m in Sources */,
				48665C7E19D515E400CCB1CC /* ModelForum.m in Sources */,
				48665C8819D515E400CCB1CC /* LNUnreadTopicPaging.m in Sources */,
				48665C5F19D515E400CCB1CC /* FMDatabase.m in Sources */,
				48665C7F19D515E400CCB1CC /* ModelPost.m in Sources */,
				48665C8619D515E400CCB1CC /* LNSubscribePaging.m in Sources */,
				48665C6419D515E400CCB1CC /* CXMLDocument_CreationExtensions.m in Sources */,
				48665C6B19D515E400CCB1CC /* CXMLElement_ElementTreeExtensions.m in Sources */,
				48665C7D19D515E400CCB1CC /* LNTapatalkSDK.m in Sources */,
				48665C8A19D515E400CCB1CC /* LNRequestHelper.m in Sources */,
				48665C6E19D515E400CCB1CC /* CXMLNode_PrivateExtensions.m in Sources */,
				48665C8519D515E400CCB1CC /* LNSearchPaging.m in Sources */,
				48665C6319D515E400CCB1CC /* FMResultSet.m in Sources */,
				48665C6C19D515E400CCB1CC /* CXMLNamespaceNode.m in Sources */,
				48665C8019D515E400CCB1CC /* ModelPrefix.m in Sources */,
				48665C7219D515E400CCB1CC /* XML+NSData+Base64.m in Sources */,
				48665C7619D515E400CCB1CC /* XMLRPCEventBasedParser.m in Sources */,
				48665C6D19D515E400CCB1CC /* CXMLNode.m in Sources */,
				48665C6819D515E400CCB1CC /* CXMLDocument_PrivateExtensions.m in Sources */,
				48665C8119D515E400CCB1CC /* ModelTopic.m in Sources */,
				48665C8719D515E400CCB1CC /* LNTopicPaging.m in Sources */,
				48665C8319D515E400CCB1CC /* LNBasePaging.m in Sources */,
				48665C6119D515E400CCB1CC /* FMDatabasePool.m in Sources */,
				48665C8419D515E400CCB1CC /* LNForumPaging.m in Sources */,
				48665C7719D515E400CCB1CC /* XMLRPCEventBasedParserDelegate.m in Sources */,
				48665C6519D515E400CCB1CC /* CXMLNode_CreationExtensions.m in Sources */,
				48665C7C19D515E400CCB1CC /* PHLogTime.m in Sources */,
				48665C6619D515E400CCB1CC /* CXHTMLDocument.m in Sources */,
				48665C8C19D515E400CCB1CC /* TapatalkHelper.m in Sources */,
				48665C7119D515E400CCB1CC /* NSStringAdditions.m in Sources */,
				48665C7519D515E400CCB1CC /* XMLRPCDefaultEncoder.m in Sources */,
				48665C7919D515E400CCB1CC /* XMLRPCResponse.m in Sources */,
				48665C6A19D515E400CCB1CC /* CXMLElement_CreationExtensions.m in Sources */,
				48665C6719D515E400CCB1CC /* CXMLDocument.m in Sources */,
				48665C8919D515E400CCB1CC /* LNRequest.m in Sources */,
				48665C8B19D515E400CCB1CC /* TapatalkAPI.m in Sources */,
				48665C5E19D515E400CCB1CC /* FMDatabase+InMemoryOnDiskIO.m in Sources */,
				48665C6019D515E400CCB1CC /* FMDatabaseAdditions.m in Sources */,
				48665C6919D515E400CCB1CC /* CXMLElement.m in Sources */,
				48665C6219D515E400CCB1CC /* FMDatabaseQueue.m in Sources */,
				48665C7A19D515E400CCB1CC /* NSString+LNTapatalkHelper.m in Sources */,
				48665C7419D515E400CCB1CC /* XMLRPCConnectionManager.m in Sources */,
				48665C7B19D515E400CCB1CC /* LNAccountManager.m in Sources */,
				48665C7819D515E400CCB1CC /* XMLRPCRequest.m in Sources */,
				48665C6F19D515E400CCB1CC /* CXMLNode_XPathExtensions.m in Sources */,
				48665C8219D515E400CCB1CC /* ModelUser.m in Sources */,
				48665C7019D515E400CCB1CC /* CTidy.m in Sources */,
			);
			runOnlyForDeploymentPostprocessing = 0;
		};
		48665BDA19D515AB00CCB1CC /* Sources */ = {
			isa = PBXSourcesBuildPhase;
			buildActionMask = 2147483647;
			files = (
			);
			runOnlyForDeploymentPostprocessing = 0;
		};
/* End PBXSourcesBuildPhase section */

/* Begin XCBuildConfiguration section */
		48665BE219D515AB00CCB1CC /* Debug */ = {
			isa = XCBuildConfiguration;
			buildSettings = {
				ALWAYS_SEARCH_USER_PATHS = NO;
				CLANG_CXX_LANGUAGE_STANDARD = "gnu++0x";
				CLANG_CXX_LIBRARY = "libc++";
				CLANG_ENABLE_MODULES = YES;
				CLANG_ENABLE_OBJC_ARC = YES;
				CLANG_WARN_BOOL_CONVERSION = YES;
				CLANG_WARN_CONSTANT_CONVERSION = YES;
				CLANG_WARN_DIRECT_OBJC_ISA_USAGE = YES_ERROR;
				CLANG_WARN_EMPTY_BODY = YES;
				CLANG_WARN_ENUM_CONVERSION = YES;
				CLANG_WARN_INT_CONVERSION = YES;
				CLANG_WARN_OBJC_ROOT_CLASS = YES_ERROR;
				CLANG_WARN_UNREACHABLE_CODE = YES;
				CLANG_WARN__DUPLICATE_METHOD_MATCH = YES;
				COPY_PHASE_STRIP = NO;
				ENABLE_STRICT_OBJC_MSGSEND = YES;
				GCC_C_LANGUAGE_STANDARD = gnu99;
				GCC_DYNAMIC_NO_PIC = NO;
				GCC_OPTIMIZATION_LEVEL = 0;
				GCC_PREPROCESSOR_DEFINITIONS = (
					"DEBUG=1",
					"$(inherited)",
				);
				GCC_SYMBOLS_PRIVATE_EXTERN = NO;
				GCC_WARN_64_TO_32_BIT_CONVERSION = YES;
				GCC_WARN_ABOUT_RETURN_TYPE = YES_ERROR;
				GCC_WARN_UNDECLARED_SELECTOR = YES;
				GCC_WARN_UNINITIALIZED_AUTOS = YES_AGGRESSIVE;
				GCC_WARN_UNUSED_FUNCTION = YES;
				GCC_WARN_UNUSED_VARIABLE = YES;
				IPHONEOS_DEPLOYMENT_TARGET = 8.0;
				MTL_ENABLE_DEBUG_INFO = YES;
				ONLY_ACTIVE_ARCH = YES;
				SDKROOT = iphoneos;
			};
			name = Debug;
		};
		48665BE319D515AB00CCB1CC /* Release */ = {
			isa = XCBuildConfiguration;
			buildSettings = {
				ALWAYS_SEARCH_USER_PATHS = NO;
				CLANG_CXX_LANGUAGE_STANDARD = "gnu++0x";
				CLANG_CXX_LIBRARY = "libc++";
				CLANG_ENABLE_MODULES = YES;
				CLANG_ENABLE_OBJC_ARC = YES;
				CLANG_WARN_BOOL_CONVERSION = YES;
				CLANG_WARN_CONSTANT_CONVERSION = YES;
				CLANG_WARN_DIRECT_OBJC_ISA_USAGE = YES_ERROR;
				CLANG_WARN_EMPTY_BODY = YES;
				CLANG_WARN_ENUM_CONVERSION = YES;
				CLANG_WARN_INT_CONVERSION = YES;
				CLANG_WARN_OBJC_ROOT_CLASS = YES_ERROR;
				CLANG_WARN_UNREACHABLE_CODE = YES;
				CLANG_WARN__DUPLICATE_METHOD_MATCH = YES;
				COPY_PHASE_STRIP = YES;
				ENABLE_NS_ASSERTIONS = NO;
				ENABLE_STRICT_OBJC_MSGSEND = YES;
				GCC_C_LANGUAGE_STANDARD = gnu99;
				GCC_WARN_64_TO_32_BIT_CONVERSION = YES;
				GCC_WARN_ABOUT_RETURN_TYPE = YES_ERROR;
				GCC_WARN_UNDECLARED_SELECTOR = YES;
				GCC_WARN_UNINITIALIZED_AUTOS = YES_AGGRESSIVE;
				GCC_WARN_UNUSED_FUNCTION = YES;
				GCC_WARN_UNUSED_VARIABLE = YES;
				IPHONEOS_DEPLOYMENT_TARGET = 8.0;
				MTL_ENABLE_DEBUG_INFO = NO;
				SDKROOT = iphoneos;
				VALIDATE_PRODUCT = YES;
			};
			name = Release;
		};
		48665BE519D515AB00CCB1CC /* Debug */ = {
			isa = XCBuildConfiguration;
			buildSettings = {
				ALWAYS_SEARCH_USER_PATHS = YES;
				IPHONEOS_DEPLOYMENT_TARGET = 6.0;
				ONLY_ACTIVE_ARCH = NO;
				OTHER_LDFLAGS = "-ObjC";
				PRODUCT_NAME = "$(TARGET_NAME)";
				SKIP_INSTALL = YES;
				USER_HEADER_SEARCH_PATHS = "\"$(SDKROOT)/usr/include/libxml2\"";
			};
			name = Debug;
		};
		48665BE619D515AB00CCB1CC /* Release */ = {
			isa = XCBuildConfiguration;
			buildSettings = {
				ALWAYS_SEARCH_USER_PATHS = YES;
				IPHONEOS_DEPLOYMENT_TARGET = 6.0;
				ONLY_ACTIVE_ARCH = NO;
				OTHER_LDFLAGS = "-ObjC";
				PRODUCT_NAME = "$(TARGET_NAME)";
				SKIP_INSTALL = YES;
				USER_HEADER_SEARCH_PATHS = "\"$(SDKROOT)/usr/include/libxml2\"";
			};
			name = Release;
		};
		48665BE819D515AB00CCB1CC /* Debug */ = {
			isa = XCBuildConfiguration;
			buildSettings = {
				FRAMEWORK_SEARCH_PATHS = (
					"$(SDKROOT)/Developer/Library/Frameworks",
					"$(inherited)",
				);
				GCC_PREPROCESSOR_DEFINITIONS = (
					"DEBUG=1",
					"$(inherited)",
				);
				INFOPLIST_FILE = TapatalkSDKTests/Info.plist;
				LD_RUNPATH_SEARCH_PATHS = "$(inherited) @executable_path/Frameworks @loader_path/Frameworks";
				PRODUCT_NAME = "$(TARGET_NAME)";
			};
			name = Debug;
		};
		48665BE919D515AB00CCB1CC /* Release */ = {
			isa = XCBuildConfiguration;
			buildSettings = {
				FRAMEWORK_SEARCH_PATHS = (
					"$(SDKROOT)/Developer/Library/Frameworks",
					"$(inherited)",
				);
				INFOPLIST_FILE = TapatalkSDKTests/Info.plist;
				LD_RUNPATH_SEARCH_PATHS = "$(inherited) @executable_path/Frameworks @loader_path/Frameworks";
				PRODUCT_NAME = "$(TARGET_NAME)";
			};
			name = Release;
		};
/* End XCBuildConfiguration section */

/* Begin XCConfigurationList section */
		48665BCE19D515AB00CCB1CC /* Build configuration list for PBXProject "TapatalkSDK" */ = {
			isa = XCConfigurationList;
			buildConfigurations = (
				48665BE219D515AB00CCB1CC /* Debug */,
				48665BE319D515AB00CCB1CC /* Release */,
			);
			defaultConfigurationIsVisible = 0;
			defaultConfigurationName = Release;
		};
		48665BE419D515AB00CCB1CC /* Build configuration list for PBXNativeTarget "TapatalkSDK" */ = {
			isa = XCConfigurationList;
			buildConfigurations = (
				48665BE519D515AB00CCB1CC /* Debug */,
				48665BE619D515AB00CCB1CC /* Release */,
			);
			defaultConfigurationIsVisible = 0;
			defaultConfigurationName = Release;
		};
		48665BE719D515AB00CCB1CC /* Build configuration list for PBXNativeTarget "TapatalkSDKTests" */ = {
			isa = XCConfigurationList;
			buildConfigurations = (
				48665BE819D515AB00CCB1CC /* Debug */,
				48665BE919D515AB00CCB1CC /* Release */,
			);
			defaultConfigurationIsVisible = 0;
			defaultConfigurationName = Release;
		};
/* End XCConfigurationList section */
	};
	rootObject = 48665BCB19D515AB00CCB1CC /* Project object */;
}
